// !$*UTF8*$!
{
	archiveVersion = 1;
	classes = {
	};
	objectVersion = 50;
	objects = {

/* Begin PBXBuildFile section */
		6625918A26E94A4800CCFDF5 /* CitySightsApp.swift in Sources */ = {isa = PBXBuildFile; fileRef = 6625918926E94A4800CCFDF5 /* CitySightsApp.swift */; };
		6625918C26E94A4800CCFDF5 /* LaunchView.swift in Sources */ = {isa = PBXBuildFile; fileRef = 6625918B26E94A4800CCFDF5 /* LaunchView.swift */; };
		6625918E26E94A4A00CCFDF5 /* Assets.xcassets in Resources */ = {isa = PBXBuildFile; fileRef = 6625918D26E94A4A00CCFDF5 /* Assets.xcassets */; };
		6625919126E94A4A00CCFDF5 /* Preview Assets.xcassets in Resources */ = {isa = PBXBuildFile; fileRef = 6625919026E94A4A00CCFDF5 /* Preview Assets.xcassets */; };
		6625919C26E94BD500CCFDF5 /* ContentModel.swift in Sources */ = {isa = PBXBuildFile; fileRef = 6625919B26E94BD500CCFDF5 /* ContentModel.swift */; };
		6625919E26E9F7CC00CCFDF5 /* Secret.swift in Sources */ = {isa = PBXBuildFile; fileRef = 6625919D26E9F7CC00CCFDF5 /* Secret.swift */; };
		662591A026EA32AA00CCFDF5 /* Constants.swift in Sources */ = {isa = PBXBuildFile; fileRef = 6625919F26EA32AA00CCFDF5 /* Constants.swift */; };
		662591A226EA34DC00CCFDF5 /* Business.swift in Sources */ = {isa = PBXBuildFile; fileRef = 662591A126EA34DC00CCFDF5 /* Business.swift */; };
		662591A426EA374300CCFDF5 /* BusinessSearch.swift in Sources */ = {isa = PBXBuildFile; fileRef = 662591A326EA374300CCFDF5 /* BusinessSearch.swift */; };
		662591A926EB2A2A00CCFDF5 /* HomeView.swift in Sources */ = {isa = PBXBuildFile; fileRef = 662591A826EB2A2A00CCFDF5 /* HomeView.swift */; };
		662591AC26EB2E9900CCFDF5 /* BusinessList.swift in Sources */ = {isa = PBXBuildFile; fileRef = 662591AB26EB2E9900CCFDF5 /* BusinessList.swift */; };
		662591AE26EB311500CCFDF5 /* BusinessSectionHeader.swift in Sources */ = {isa = PBXBuildFile; fileRef = 662591AD26EB311500CCFDF5 /* BusinessSectionHeader.swift */; };
		662591B026EB31E500CCFDF5 /* BusinessSection.swift in Sources */ = {isa = PBXBuildFile; fileRef = 662591AF26EB31E500CCFDF5 /* BusinessSection.swift */; };
		662591B226EB7C3700CCFDF5 /* BusinessCell.swift in Sources */ = {isa = PBXBuildFile; fileRef = 662591B126EB7C3700CCFDF5 /* BusinessCell.swift */; };
		662591B426EBB30300CCFDF5 /* BusinessDetail.swift in Sources */ = {isa = PBXBuildFile; fileRef = 662591B326EBB30300CCFDF5 /* BusinessDetail.swift */; };
/* End PBXBuildFile section */

/* Begin PBXFileReference section */
		6625918626E94A4800CCFDF5 /* City Sights.app */ = {isa = PBXFileReference; explicitFileType = wrapper.application; includeInIndex = 0; path = "City Sights.app"; sourceTree = BUILT_PRODUCTS_DIR; };
		6625918926E94A4800CCFDF5 /* CitySightsApp.swift */ = {isa = PBXFileReference; lastKnownFileType = sourcecode.swift; path = CitySightsApp.swift; sourceTree = "<group>"; };
		6625918B26E94A4800CCFDF5 /* LaunchView.swift */ = {isa = PBXFileReference; lastKnownFileType = sourcecode.swift; path = LaunchView.swift; sourceTree = "<group>"; };
		6625918D26E94A4A00CCFDF5 /* Assets.xcassets */ = {isa = PBXFileReference; lastKnownFileType = folder.assetcatalog; path = Assets.xcassets; sourceTree = "<group>"; };
		6625919026E94A4A00CCFDF5 /* Preview Assets.xcassets */ = {isa = PBXFileReference; lastKnownFileType = folder.assetcatalog; path = "Preview Assets.xcassets"; sourceTree = "<group>"; };
		6625919226E94A4A00CCFDF5 /* Info.plist */ = {isa = PBXFileReference; lastKnownFileType = text.plist.xml; path = Info.plist; sourceTree = "<group>"; };
		6625919B26E94BD500CCFDF5 /* ContentModel.swift */ = {isa = PBXFileReference; lastKnownFileType = sourcecode.swift; path = ContentModel.swift; sourceTree = "<group>"; };
		6625919D26E9F7CC00CCFDF5 /* Secret.swift */ = {isa = PBXFileReference; lastKnownFileType = sourcecode.swift; path = Secret.swift; sourceTree = "<group>"; };
		6625919F26EA32AA00CCFDF5 /* Constants.swift */ = {isa = PBXFileReference; lastKnownFileType = sourcecode.swift; path = Constants.swift; sourceTree = "<group>"; };
		662591A126EA34DC00CCFDF5 /* Business.swift */ = {isa = PBXFileReference; lastKnownFileType = sourcecode.swift; path = Business.swift; sourceTree = "<group>"; };
		662591A326EA374300CCFDF5 /* BusinessSearch.swift */ = {isa = PBXFileReference; lastKnownFileType = sourcecode.swift; path = BusinessSearch.swift; sourceTree = "<group>"; };
		662591A826EB2A2A00CCFDF5 /* HomeView.swift */ = {isa = PBXFileReference; lastKnownFileType = sourcecode.swift; path = HomeView.swift; sourceTree = "<group>"; };
		662591AB26EB2E9900CCFDF5 /* BusinessList.swift */ = {isa = PBXFileReference; lastKnownFileType = sourcecode.swift; path = BusinessList.swift; sourceTree = "<group>"; };
		662591AD26EB311500CCFDF5 /* BusinessSectionHeader.swift */ = {isa = PBXFileReference; lastKnownFileType = sourcecode.swift; path = BusinessSectionHeader.swift; sourceTree = "<group>"; };
		662591AF26EB31E500CCFDF5 /* BusinessSection.swift */ = {isa = PBXFileReference; lastKnownFileType = sourcecode.swift; path = BusinessSection.swift; sourceTree = "<group>"; };
		662591B126EB7C3700CCFDF5 /* BusinessCell.swift */ = {isa = PBXFileReference; lastKnownFileType = sourcecode.swift; path = BusinessCell.swift; sourceTree = "<group>"; };
		662591B326EBB30300CCFDF5 /* BusinessDetail.swift */ = {isa = PBXFileReference; lastKnownFileType = sourcecode.swift; path = BusinessDetail.swift; sourceTree = "<group>"; };
/* End PBXFileReference section */

/* Begin PBXFrameworksBuildPhase section */
		6625918326E94A4800CCFDF5 /* Frameworks */ = {
			isa = PBXFrameworksBuildPhase;
			buildActionMask = 2147483647;
			files = (
			);
			runOnlyForDeploymentPostprocessing = 0;
		};
/* End PBXFrameworksBuildPhase section */

/* Begin PBXGroup section */
		6625917D26E94A4800CCFDF5 = {
			isa = PBXGroup;
			children = (
				6625918826E94A4800CCFDF5 /* City Sights */,
				6625918726E94A4800CCFDF5 /* Products */,
			);
			sourceTree = "<group>";
		};
		6625918726E94A4800CCFDF5 /* Products */ = {
			isa = PBXGroup;
			children = (
				6625918626E94A4800CCFDF5 /* City Sights.app */,
			);
			name = Products;
			sourceTree = "<group>";
		};
		6625918826E94A4800CCFDF5 /* City Sights */ = {
			isa = PBXGroup;
			children = (
				6625918926E94A4800CCFDF5 /* CitySightsApp.swift */,
				6625919A26E94A8F00CCFDF5 /* Views */,
				6625919926E94A8800CCFDF5 /* ViewModels */,
				6625919826E94A8100CCFDF5 /* Models */,
				6625919D26E9F7CC00CCFDF5 /* Secret.swift */,
				6625919F26EA32AA00CCFDF5 /* Constants.swift */,
				6625918D26E94A4A00CCFDF5 /* Assets.xcassets */,
				6625919226E94A4A00CCFDF5 /* Info.plist */,
				6625918F26E94A4A00CCFDF5 /* Preview Content */,
			);
			path = "City Sights";
			sourceTree = "<group>";
		};
		6625918F26E94A4A00CCFDF5 /* Preview Content */ = {
			isa = PBXGroup;
			children = (
				6625919026E94A4A00CCFDF5 /* Preview Assets.xcassets */,
			);
			path = "Preview Content";
			sourceTree = "<group>";
		};
		6625919826E94A8100CCFDF5 /* Models */ = {
			isa = PBXGroup;
			children = (
				662591A126EA34DC00CCFDF5 /* Business.swift */,
				662591A326EA374300CCFDF5 /* BusinessSearch.swift */,
			);
			path = Models;
			sourceTree = "<group>";
		};
		6625919926E94A8800CCFDF5 /* ViewModels */ = {
			isa = PBXGroup;
			children = (
				6625919B26E94BD500CCFDF5 /* ContentModel.swift */,
			);
			path = ViewModels;
			sourceTree = "<group>";
		};
		6625919A26E94A8F00CCFDF5 /* Views */ = {
			isa = PBXGroup;
			children = (
				6625918B26E94A4800CCFDF5 /* LaunchView.swift */,
				662591A526EB29FB00CCFDF5 /* Onboarding */,
				662591A726EB2A1300CCFDF5 /* Home */,
				662591A626EB2A0A00CCFDF5 /* Denied */,
			);
			path = Views;
			sourceTree = "<group>";
		};
		662591A526EB29FB00CCFDF5 /* Onboarding */ = {
			isa = PBXGroup;
			children = (
			);
			path = Onboarding;
			sourceTree = "<group>";
		};
		662591A626EB2A0A00CCFDF5 /* Denied */ = {
			isa = PBXGroup;
			children = (
			);
			path = Denied;
			sourceTree = "<group>";
		};
		662591A726EB2A1300CCFDF5 /* Home */ = {
			isa = PBXGroup;
			children = (
				662591A826EB2A2A00CCFDF5 /* HomeView.swift */,
				662591AA26EB2E8500CCFDF5 /* List */,
				662591B526EBBABA00CCFDF5 /* Detail */,
			);
			path = Home;
			sourceTree = "<group>";
		};
		662591AA26EB2E8500CCFDF5 /* List */ = {
			isa = PBXGroup;
			children = (
				662591AB26EB2E9900CCFDF5 /* BusinessList.swift */,
				662591AF26EB31E500CCFDF5 /* BusinessSection.swift */,
				662591AD26EB311500CCFDF5 /* BusinessSectionHeader.swift */,
				662591B126EB7C3700CCFDF5 /* BusinessCell.swift */,
			);
			path = List;
			sourceTree = "<group>";
		};
		662591B526EBBABA00CCFDF5 /* Detail */ = {
			isa = PBXGroup;
			children = (
				662591B326EBB30300CCFDF5 /* BusinessDetail.swift */,
			);
			path = Detail;
			sourceTree = "<group>";
		};
/* End PBXGroup section */

/* Begin PBXNativeTarget section */
		6625918526E94A4800CCFDF5 /* City Sights */ = {
			isa = PBXNativeTarget;
			buildConfigurationList = 6625919526E94A4A00CCFDF5 /* Build configuration list for PBXNativeTarget "City Sights" */;
			buildPhases = (
				6625918226E94A4800CCFDF5 /* Sources */,
				6625918326E94A4800CCFDF5 /* Frameworks */,
				6625918426E94A4800CCFDF5 /* Resources */,
			);
			buildRules = (
			);
			dependencies = (
			);
			name = "City Sights";
			productName = "City Sights";
			productReference = 6625918626E94A4800CCFDF5 /* City Sights.app */;
			productType = "com.apple.product-type.application";
		};
/* End PBXNativeTarget section */

/* Begin PBXProject section */
		6625917E26E94A4800CCFDF5 /* Project object */ = {
			isa = PBXProject;
			attributes = {
				LastSwiftUpdateCheck = 1250;
				LastUpgradeCheck = 1250;
				TargetAttributes = {
					6625918526E94A4800CCFDF5 = {
						CreatedOnToolsVersion = 12.5.1;
					};
				};
			};
			buildConfigurationList = 6625918126E94A4800CCFDF5 /* Build configuration list for PBXProject "City Sights" */;
			compatibilityVersion = "Xcode 9.3";
			developmentRegion = en;
			hasScannedForEncodings = 0;
			knownRegions = (
				en,
				Base,
			);
			mainGroup = 6625917D26E94A4800CCFDF5;
			productRefGroup = 6625918726E94A4800CCFDF5 /* Products */;
			projectDirPath = "";
			projectRoot = "";
			targets = (
				6625918526E94A4800CCFDF5 /* City Sights */,
			);
		};
/* End PBXProject section */

/* Begin PBXResourcesBuildPhase section */
		6625918426E94A4800CCFDF5 /* Resources */ = {
			isa = PBXResourcesBuildPhase;
			buildActionMask = 2147483647;
			files = (
				6625919126E94A4A00CCFDF5 /* Preview Assets.xcassets in Resources */,
				6625918E26E94A4A00CCFDF5 /* Assets.xcassets in Resources */,
			);
			runOnlyForDeploymentPostprocessing = 0;
		};
/* End PBXResourcesBuildPhase section */

/* Begin PBXSourcesBuildPhase section */
		6625918226E94A4800CCFDF5 /* Sources */ = {
			isa = PBXSourcesBuildPhase;
			buildActionMask = 2147483647;
			files = (
				662591B426EBB30300CCFDF5 /* BusinessDetail.swift in Sources */,
				662591B026EB31E500CCFDF5 /* BusinessSection.swift in Sources */,
				662591A026EA32AA00CCFDF5 /* Constants.swift in Sources */,
				6625918C26E94A4800CCFDF5 /* LaunchView.swift in Sources */,
				662591AE26EB311500CCFDF5 /* BusinessSectionHeader.swift in Sources */,
				662591A426EA374300CCFDF5 /* BusinessSearch.swift in Sources */,
				662591B226EB7C3700CCFDF5 /* BusinessCell.swift in Sources */,
				6625919E26E9F7CC00CCFDF5 /* Secret.swift in Sources */,
				662591A226EA34DC00CCFDF5 /* Business.swift in Sources */,
				662591AC26EB2E9900CCFDF5 /* BusinessList.swift in Sources */,
				6625918A26E94A4800CCFDF5 /* CitySightsApp.swift in Sources */,
				662591A926EB2A2A00CCFDF5 /* HomeView.swift in Sources */,
				6625919C26E94BD500CCFDF5 /* ContentModel.swift in Sources */,
			);
			runOnlyForDeploymentPostprocessing = 0;
		};
/* End PBXSourcesBuildPhase section */

/* Begin XCBuildConfiguration section */
		6625919326E94A4A00CCFDF5 /* Debug */ = {
			isa = XCBuildConfiguration;
			buildSettings = {
				ALWAYS_SEARCH_USER_PATHS = NO;
				CLANG_ANALYZER_NONNULL = YES;
				CLANG_ANALYZER_NUMBER_OBJECT_CONVERSION = YES_AGGRESSIVE;
				CLANG_CXX_LANGUAGE_STANDARD = "gnu++14";
				CLANG_CXX_LIBRARY = "libc++";
				CLANG_ENABLE_MODULES = YES;
				CLANG_ENABLE_OBJC_ARC = YES;
				CLANG_ENABLE_OBJC_WEAK = YES;
				CLANG_WARN_BLOCK_CAPTURE_AUTORELEASING = YES;
				CLANG_WARN_BOOL_CONVERSION = YES;
				CLANG_WARN_COMMA = YES;
				CLANG_WARN_CONSTANT_CONVERSION = YES;
				CLANG_WARN_DEPRECATED_OBJC_IMPLEMENTATIONS = YES;
				CLANG_WARN_DIRECT_OBJC_ISA_USAGE = YES_ERROR;
				CLANG_WARN_DOCUMENTATION_COMMENTS = YES;
				CLANG_WARN_EMPTY_BODY = YES;
				CLANG_WARN_ENUM_CONVERSION = YES;
				CLANG_WARN_INFINITE_RECURSION = YES;
				CLANG_WARN_INT_CONVERSION = YES;
				CLANG_WARN_NON_LITERAL_NULL_CONVERSION = YES;
				CLANG_WARN_OBJC_IMPLICIT_RETAIN_SELF = YES;
				CLANG_WARN_OBJC_LITERAL_CONVERSION = YES;
				CLANG_WARN_OBJC_ROOT_CLASS = YES_ERROR;
				CLANG_WARN_QUOTED_INCLUDE_IN_FRAMEWORK_HEADER = YES;
				CLANG_WARN_RANGE_LOOP_ANALYSIS = YES;
				CLANG_WARN_STRICT_PROTOTYPES = YES;
				CLANG_WARN_SUSPICIOUS_MOVE = YES;
				CLANG_WARN_UNGUARDED_AVAILABILITY = YES_AGGRESSIVE;
				CLANG_WARN_UNREACHABLE_CODE = YES;
				CLANG_WARN__DUPLICATE_METHOD_MATCH = YES;
				COPY_PHASE_STRIP = NO;
				DEBUG_INFORMATION_FORMAT = dwarf;
				ENABLE_STRICT_OBJC_MSGSEND = YES;
				ENABLE_TESTABILITY = YES;
				GCC_C_LANGUAGE_STANDARD = gnu11;
				GCC_DYNAMIC_NO_PIC = NO;
				GCC_NO_COMMON_BLOCKS = YES;
				GCC_OPTIMIZATION_LEVEL = 0;
				GCC_PREPROCESSOR_DEFINITIONS = (
					"DEBUG=1",
					"$(inherited)",
				);
				GCC_WARN_64_TO_32_BIT_CONVERSION = YES;
				GCC_WARN_ABOUT_RETURN_TYPE = YES_ERROR;
				GCC_WARN_UNDECLARED_SELECTOR = YES;
				GCC_WARN_UNINITIALIZED_AUTOS = YES_AGGRESSIVE;
				GCC_WARN_UNUSED_FUNCTION = YES;
				GCC_WARN_UNUSED_VARIABLE = YES;
				IPHONEOS_DEPLOYMENT_TARGET = 14.5;
				MTL_ENABLE_DEBUG_INFO = INCLUDE_SOURCE;
				MTL_FAST_MATH = YES;
				ONLY_ACTIVE_ARCH = YES;
				SDKROOT = iphoneos;
				SWIFT_ACTIVE_COMPILATION_CONDITIONS = DEBUG;
				SWIFT_OPTIMIZATION_LEVEL = "-Onone";
			};
			name = Debug;
		};
		6625919426E94A4A00CCFDF5 /* Release */ = {
			isa = XCBuildConfiguration;
			buildSettings = {
				ALWAYS_SEARCH_USER_PATHS = NO;
				CLANG_ANALYZER_NONNULL = YES;
				CLANG_ANALYZER_NUMBER_OBJECT_CONVERSION = YES_AGGRESSIVE;
				CLANG_CXX_LANGUAGE_STANDARD = "gnu++14";
				CLANG_CXX_LIBRARY = "libc++";
				CLANG_ENABLE_MODULES = YES;
				CLANG_ENABLE_OBJC_ARC = YES;
				CLANG_ENABLE_OBJC_WEAK = YES;
				CLANG_WARN_BLOCK_CAPTURE_AUTORELEASING = YES;
				CLANG_WARN_BOOL_CONVERSION = YES;
				CLANG_WARN_COMMA = YES;
				CLANG_WARN_CONSTANT_CONVERSION = YES;
				CLANG_WARN_DEPRECATED_OBJC_IMPLEMENTATIONS = YES;
				CLANG_WARN_DIRECT_OBJC_ISA_USAGE = YES_ERROR;
				CLANG_WARN_DOCUMENTATION_COMMENTS = YES;
				CLANG_WARN_EMPTY_BODY = YES;
				CLANG_WARN_ENUM_CONVERSION = YES;
				CLANG_WARN_INFINITE_RECURSION = YES;
				CLANG_WARN_INT_CONVERSION = YES;
				CLANG_WARN_NON_LITERAL_NULL_CONVERSION = YES;
				CLANG_WARN_OBJC_IMPLICIT_RETAIN_SELF = YES;
				CLANG_WARN_OBJC_LITERAL_CONVERSION = YES;
				CLANG_WARN_OBJC_ROOT_CLASS = YES_ERROR;
				CLANG_WARN_QUOTED_INCLUDE_IN_FRAMEWORK_HEADER = YES;
				CLANG_WARN_RANGE_LOOP_ANALYSIS = YES;
				CLANG_WARN_STRICT_PROTOTYPES = YES;
				CLANG_WARN_SUSPICIOUS_MOVE = YES;
				CLANG_WARN_UNGUARDED_AVAILABILITY = YES_AGGRESSIVE;
				CLANG_WARN_UNREACHABLE_CODE = YES;
				CLANG_WARN__DUPLICATE_METHOD_MATCH = YES;
				COPY_PHASE_STRIP = NO;
				DEBUG_INFORMATION_FORMAT = "dwarf-with-dsym";
				ENABLE_NS_ASSERTIONS = NO;
				ENABLE_STRICT_OBJC_MSGSEND = YES;
				GCC_C_LANGUAGE_STANDARD = gnu11;
				GCC_NO_COMMON_BLOCKS = YES;
				GCC_WARN_64_TO_32_BIT_CONVERSION = YES;
				GCC_WARN_ABOUT_RETURN_TYPE = YES_ERROR;
				GCC_WARN_UNDECLARED_SELECTOR = YES;
				GCC_WARN_UNINITIALIZED_AUTOS = YES_AGGRESSIVE;
				GCC_WARN_UNUSED_FUNCTION = YES;
				GCC_WARN_UNUSED_VARIABLE = YES;
				IPHONEOS_DEPLOYMENT_TARGET = 14.5;
				MTL_ENABLE_DEBUG_INFO = NO;
				MTL_FAST_MATH = YES;
				SDKROOT = iphoneos;
				SWIFT_COMPILATION_MODE = wholemodule;
				SWIFT_OPTIMIZATION_LEVEL = "-O";
				VALIDATE_PRODUCT = YES;
			};
			name = Release;
		};
		6625919626E94A4A00CCFDF5 /* Debug */ = {
			isa = XCBuildConfiguration;
			buildSettings = {
				ASSETCATALOG_COMPILER_APPICON_NAME = AppIcon;
				ASSETCATALOG_COMPILER_GLOBAL_ACCENT_COLOR_NAME = AccentColor;
				CODE_SIGN_STYLE = Automatic;
				DEVELOPMENT_ASSET_PATHS = "\"City Sights/Preview Content\"";
				DEVELOPMENT_TEAM = U4MJCZ5RFJ;
				ENABLE_PREVIEWS = YES;
				INFOPLIST_FILE = "City Sights/Info.plist";
				IPHONEOS_DEPLOYMENT_TARGET = 14.0;
				LD_RUNPATH_SEARCH_PATHS = (
					"$(inherited)",
					"@executable_path/Frameworks",
				);
				PRODUCT_BUNDLE_IDENTIFIER = "city-sights-app.lea-dk.City-Sights";
				PRODUCT_NAME = "$(TARGET_NAME)";
				SWIFT_VERSION = 5.0;
				TARGETED_DEVICE_FAMILY = "1,2";
			};
			name = Debug;
		};
		6625919726E94A4A00CCFDF5 /* Release */ = {
			isa = XCBuildConfiguration;
			buildSettings = {
				ASSETCATALOG_COMPILER_APPICON_NAME = AppIcon;
				ASSETCATALOG_COMPILER_GLOBAL_ACCENT_COLOR_NAME = AccentColor;
				CODE_SIGN_STYLE = Automatic;
				DEVELOPMENT_ASSET_PATHS = "\"City Sights/Preview Content\"";
				DEVELOPMENT_TEAM = U4MJCZ5RFJ;
				ENABLE_PREVIEWS = YES;
				INFOPLIST_FILE = "City Sights/Info.plist";
				IPHONEOS_DEPLOYMENT_TARGET = 14.0;
				LD_RUNPATH_SEARCH_PATHS = (
					"$(inherited)",
					"@executable_path/Frameworks",
				);
				PRODUCT_BUNDLE_IDENTIFIER = "city-sights-app.lea-dk.City-Sights";
				PRODUCT_NAME = "$(TARGET_NAME)";
				SWIFT_VERSION = 5.0;
				TARGETED_DEVICE_FAMILY = "1,2";
			};
			name = Release;
		};
/* End XCBuildConfiguration section */

/* Begin XCConfigurationList section */
		6625918126E94A4800CCFDF5 /* Build configuration list for PBXProject "City Sights" */ = {
			isa = XCConfigurationList;
			buildConfigurations = (
				6625919326E94A4A00CCFDF5 /* Debug */,
				6625919426E94A4A00CCFDF5 /* Release */,
			);
			defaultConfigurationIsVisible = 0;
			defaultConfigurationName = Release;
		};
		6625919526E94A4A00CCFDF5 /* Build configuration list for PBXNativeTarget "City Sights" */ = {
			isa = XCConfigurationList;
			buildConfigurations = (
				6625919626E94A4A00CCFDF5 /* Debug */,
				6625919726E94A4A00CCFDF5 /* Release */,
			);
			defaultConfigurationIsVisible = 0;
			defaultConfigurationName = Release;
		};
/* End XCConfigurationList section */
	};
	rootObject = 6625917E26E94A4800CCFDF5 /* Project object */;
}
